
Microsoft Visual Studio Solution File, Format Version 12.00
# Visual Studio Version 17
VisualStudioVersion = 17.9.34607.119
MinimumVisualStudioVersion = 10.0.40219.1
Project("{FAE04EC0-301F-11D3-BF4B-00C04F79EFBC}") = "ENTITY", "..\ENTITY\ENTITY.csproj", "{816F1A66-8920-47BC-859D-9F15380B5E49}"
EndProject
Project("{FAE04EC0-301F-11D3-BF4B-00C04F79EFBC}") = "Presentacion", "..\Presentacion\Presentacion.csproj", "{C116F9B8-E697-4711-9FE5-F402D16CFE36}"
EndProject
Project("{FAE04EC0-301F-11D3-BF4B-00C04F79EFBC}") = "GUI", "..\GUI\GUI.csproj", "{83FB54D6-78A4-4D79-8A9D-22CBE8396AFB}"
EndProject
Project("{FAE04EC0-301F-11D3-BF4B-00C04F79EFBC}") = "DAL", "DAL\DAL.csproj", "{1035105D-4DA0-4BDC-A2F7-D5532B28E1F4}"
EndProject
Project("{FAE04EC0-301F-11D3-BF4B-00C04F79EFBC}") = "BLL", "BLL\BLL.csproj", "{9A98ABCB-D611-4457-9339-18C5E08639DC}"
EndProject
Global
	GlobalSection(SolutionConfigurationPlatforms) = preSolution
		Debug|Any CPU = Debug|Any CPU
		Release|Any CPU = Release|Any CPU
	EndGlobalSection
	GlobalSection(ProjectConfigurationPlatforms) = postSolution
		{816F1A66-8920-47BC-859D-9F15380B5E49}.Debug|Any CPU.ActiveCfg = Debug|Any CPU
		{816F1A66-8920-47BC-859D-9F15380B5E49}.Debug|Any CPU.Build.0 = Debug|Any CPU
		{816F1A66-8920-47BC-859D-9F15380B5E49}.Release|Any CPU.ActiveCfg = Release|Any CPU
		{816F1A66-8920-47BC-859D-9F15380B5E49}.Release|Any CPU.Build.0 = Release|Any CPU
		{C116F9B8-E697-4711-9FE5-F402D16CFE36}.Debug|Any CPU.ActiveCfg = Debug|Any CPU
		{C116F9B8-E697-4711-9FE5-F402D16CFE36}.Debug|Any CPU.Build.0 = Debug|Any CPU
		{C116F9B8-E697-4711-9FE5-F402D16CFE36}.Release|Any CPU.ActiveCfg = Release|Any CPU
		{C116F9B8-E697-4711-9FE5-F402D16CFE36}.Release|Any CPU.Build.0 = Release|Any CPU
		{83FB54D6-78A4-4D79-8A9D-22CBE8396AFB}.Debug|Any CPU.ActiveCfg = Debug|Any CPU
		{83FB54D6-78A4-4D79-8A9D-22CBE8396AFB}.Debug|Any CPU.Build.0 = Debug|Any CPU
		{83FB54D6-78A4-4D79-8A9D-22CBE8396AFB}.Release|Any CPU.ActiveCfg = Release|Any CPU
		{83FB54D6-78A4-4D79-8A9D-22CBE8396AFB}.Release|Any CPU.Build.0 = Release|Any CPU
		{1035105D-4DA0-4BDC-A2F7-D5532B28E1F4}.Debug|Any CPU.ActiveCfg = Debug|Any CPU
		{1035105D-4DA0-4BDC-A2F7-D5532B28E1F4}.Debug|Any CPU.Build.0 = Debug|Any CPU
		{1035105D-4DA0-4BDC-A2F7-D5532B28E1F4}.Release|Any CPU.ActiveCfg = Release|Any CPU
		{1035105D-4DA0-4BDC-A2F7-D5532B28E1F4}.Release|Any CPU.Build.0 = Release|Any CPU
		{9A98ABCB-D611-4457-9339-18C5E08639DC}.Debug|Any CPU.ActiveCfg = Debug|Any CPU
		{9A98ABCB-D611-4457-9339-18C5E08639DC}.Debug|Any CPU.Build.0 = Debug|Any CPU
		{9A98ABCB-D611-4457-9339-18C5E08639DC}.Release|Any CPU.ActiveCfg = Release|Any CPU
		{9A98ABCB-D611-4457-9339-18C5E08639DC}.Release|Any CPU.Build.0 = Release|Any CPU
	EndGlobalSection
	GlobalSection(SolutionProperties) = preSolution
		HideSolutionNode = FALSE
	EndGlobalSection
	GlobalSection(ExtensibilityGlobals) = postSolution
		SolutionGuid = {A05F2612-C971-4623-A283-19C38EE127AE}
	EndGlobalSection
EndGlobal
